// !$*UTF8*$!
{
	archiveVersion = 1;
	classes = {
	};
	objectVersion = 50;
	objects = {

/* Begin PBXBuildFile section */
		7328AFE6257516350098F042 /* OreastrumApp.swift in Sources */ = {isa = PBXBuildFile; fileRef = 7328AFE5257516350098F042 /* OreastrumApp.swift */; };
		7328AFE8257516350098F042 /* ContentView.swift in Sources */ = {isa = PBXBuildFile; fileRef = 7328AFE7257516350098F042 /* ContentView.swift */; };
		7328AFEA257516350098F042 /* Assets.xcassets in Resources */ = {isa = PBXBuildFile; fileRef = 7328AFE9257516350098F042 /* Assets.xcassets */; };
		7328AFED257516350098F042 /* Preview Assets.xcassets in Resources */ = {isa = PBXBuildFile; fileRef = 7328AFEC257516350098F042 /* Preview Assets.xcassets */; };
		7328AFF8257516350098F042 /* OreastrumTests.swift in Sources */ = {isa = PBXBuildFile; fileRef = 7328AFF7257516350098F042 /* OreastrumTests.swift */; };
		7328B003257516350098F042 /* OreastrumUITests.swift in Sources */ = {isa = PBXBuildFile; fileRef = 7328B002257516350098F042 /* OreastrumUITests.swift */; };
/* End PBXBuildFile section */

/* Begin PBXContainerItemProxy section */
		7328AFF4257516350098F042 /* PBXContainerItemProxy */ = {
			isa = PBXContainerItemProxy;
			containerPortal = 7328AFDA257516350098F042 /* Project object */;
			proxyType = 1;
			remoteGlobalIDString = 7328AFE1257516350098F042;
			remoteInfo = Oreastrum;
		};
		7328AFFF257516350098F042 /* PBXContainerItemProxy */ = {
			isa = PBXContainerItemProxy;
			containerPortal = 7328AFDA257516350098F042 /* Project object */;
			proxyType = 1;
			remoteGlobalIDString = 7328AFE1257516350098F042;
			remoteInfo = Oreastrum;
		};
/* End PBXContainerItemProxy section */

/* Begin PBXFileReference section */
		7328AFE2257516350098F042 /* Oreastrum.app */ = {isa = PBXFileReference; explicitFileType = wrapper.application; includeInIndex = 0; path = Oreastrum.app; sourceTree = BUILT_PRODUCTS_DIR; };
		7328AFE5257516350098F042 /* OreastrumApp.swift */ = {isa = PBXFileReference; lastKnownFileType = sourcecode.swift; path = OreastrumApp.swift; sourceTree = "<group>"; };
		7328AFE7257516350098F042 /* ContentView.swift */ = {isa = PBXFileReference; lastKnownFileType = sourcecode.swift; path = ContentView.swift; sourceTree = "<group>"; };
		7328AFE9257516350098F042 /* Assets.xcassets */ = {isa = PBXFileReference; lastKnownFileType = folder.assetcatalog; path = Assets.xcassets; sourceTree = "<group>"; };
		7328AFEC257516350098F042 /* Preview Assets.xcassets */ = {isa = PBXFileReference; lastKnownFileType = folder.assetcatalog; path = "Preview Assets.xcassets"; sourceTree = "<group>"; };
		7328AFEE257516350098F042 /* Info.plist */ = {isa = PBXFileReference; lastKnownFileType = text.plist.xml; path = Info.plist; sourceTree = "<group>"; };
		7328AFF3257516350098F042 /* OreastrumTests.xctest */ = {isa = PBXFileReference; explicitFileType = wrapper.cfbundle; includeInIndex = 0; path = OreastrumTests.xctest; sourceTree = BUILT_PRODUCTS_DIR; };
		7328AFF7257516350098F042 /* OreastrumTests.swift */ = {isa = PBXFileReference; lastKnownFileType = sourcecode.swift; path = OreastrumTests.swift; sourceTree = "<group>"; };
		7328AFF9257516350098F042 /* Info.plist */ = {isa = PBXFileReference; lastKnownFileType = text.plist.xml; path = Info.plist; sourceTree = "<group>"; };
		7328AFFE257516350098F042 /* OreastrumUITests.xctest */ = {isa = PBXFileReference; explicitFileType = wrapper.cfbundle; includeInIndex = 0; path = OreastrumUITests.xctest; sourceTree = BUILT_PRODUCTS_DIR; };
		7328B002257516350098F042 /* OreastrumUITests.swift */ = {isa = PBXFileReference; lastKnownFileType = sourcecode.swift; path = OreastrumUITests.swift; sourceTree = "<group>"; };
		7328B004257516350098F042 /* Info.plist */ = {isa = PBXFileReference; lastKnownFileType = text.plist.xml; path = Info.plist; sourceTree = "<group>"; };
/* End PBXFileReference section */

/* Begin PBXFrameworksBuildPhase section */
		7328AFDF257516350098F042 /* Frameworks */ = {
			isa = PBXFrameworksBuildPhase;
			buildActionMask = 2147483647;
			files = (
			);
			runOnlyForDeploymentPostprocessing = 0;
		};
		7328AFF0257516350098F042 /* Frameworks */ = {
			isa = PBXFrameworksBuildPhase;
			buildActionMask = 2147483647;
			files = (
			);
			runOnlyForDeploymentPostprocessing = 0;
		};
		7328AFFB257516350098F042 /* Frameworks */ = {
			isa = PBXFrameworksBuildPhase;
			buildActionMask = 2147483647;
			files = (
			);
			runOnlyForDeploymentPostprocessing = 0;
		};
/* End PBXFrameworksBuildPhase section */

/* Begin PBXGroup section */
		7328AFD9257516350098F042 = {
			isa = PBXGroup;
			children = (
				7328AFE4257516350098F042 /* Oreastrum */,
				7328AFF6257516350098F042 /* OreastrumTests */,
				7328B001257516350098F042 /* OreastrumUITests */,
				7328AFE3257516350098F042 /* Products */,
			);
			sourceTree = "<group>";
		};
		7328AFE3257516350098F042 /* Products */ = {
			isa = PBXGroup;
			children = (
				7328AFE2257516350098F042 /* Oreastrum.app */,
				7328AFF3257516350098F042 /* OreastrumTests.xctest */,
				7328AFFE257516350098F042 /* OreastrumUITests.xctest */,
			);
			name = Products;
			sourceTree = "<group>";
		};
		7328AFE4257516350098F042 /* Oreastrum */ = {
			isa = PBXGroup;
			children = (
				7328AFE5257516350098F042 /* OreastrumApp.swift */,
				7328AFE7257516350098F042 /* ContentView.swift */,
				7328AFE9257516350098F042 /* Assets.xcassets */,
				7328AFEE257516350098F042 /* Info.plist */,
				7328AFEB257516350098F042 /* Preview Content */,
			);
			path = Oreastrum;
			sourceTree = "<group>";
		};
		7328AFEB257516350098F042 /* Preview Content */ = {
			isa = PBXGroup;
			children = (
				7328AFEC257516350098F042 /* Preview Assets.xcassets */,
			);
			path = "Preview Content";
			sourceTree = "<group>";
		};
		7328AFF6257516350098F042 /* OreastrumTests */ = {
			isa = PBXGroup;
			children = (
				7328AFF7257516350098F042 /* OreastrumTests.swift */,
				7328AFF9257516350098F042 /* Info.plist */,
			);
			path = OreastrumTests;
			sourceTree = "<group>";
		};
		7328B001257516350098F042 /* OreastrumUITests */ = {
			isa = PBXGroup;
			children = (
				7328B002257516350098F042 /* OreastrumUITests.swift */,
				7328B004257516350098F042 /* Info.plist */,
			);
			path = OreastrumUITests;
			sourceTree = "<group>";
		};
/* End PBXGroup section */

/* Begin PBXNativeTarget section */
		7328AFE1257516350098F042 /* Oreastrum */ = {
			isa = PBXNativeTarget;
			buildConfigurationList = 7328B007257516350098F042 /* Build configuration list for PBXNativeTarget "Oreastrum" */;
			buildPhases = (
				7328AFDE257516350098F042 /* Sources */,
				7328AFDF257516350098F042 /* Frameworks */,
				7328AFE0257516350098F042 /* Resources */,
			);
			buildRules = (
			);
			dependencies = (
			);
			name = Oreastrum;
			productName = Oreastrum;
			productReference = 7328AFE2257516350098F042 /* Oreastrum.app */;
			productType = "com.apple.product-type.application";
		};
		7328AFF2257516350098F042 /* OreastrumTests */ = {
			isa = PBXNativeTarget;
			buildConfigurationList = 7328B00A257516350098F042 /* Build configuration list for PBXNativeTarget "OreastrumTests" */;
			buildPhases = (
				7328AFEF257516350098F042 /* Sources */,
				7328AFF0257516350098F042 /* Frameworks */,
				7328AFF1257516350098F042 /* Resources */,
			);
			buildRules = (
			);
			dependencies = (
				7328AFF5257516350098F042 /* PBXTargetDependency */,
			);
			name = OreastrumTests;
			productName = OreastrumTests;
			productReference = 7328AFF3257516350098F042 /* OreastrumTests.xctest */;
			productType = "com.apple.product-type.bundle.unit-test";
		};
		7328AFFD257516350098F042 /* OreastrumUITests */ = {
			isa = PBXNativeTarget;
			buildConfigurationList = 7328B00D257516350098F042 /* Build configuration list for PBXNativeTarget "OreastrumUITests" */;
			buildPhases = (
				7328AFFA257516350098F042 /* Sources */,
				7328AFFB257516350098F042 /* Frameworks */,
				7328AFFC257516350098F042 /* Resources */,
			);
			buildRules = (
			);
			dependencies = (
				7328B000257516350098F042 /* PBXTargetDependency */,
			);
			name = OreastrumUITests;
			productName = OreastrumUITests;
			productReference = 7328AFFE257516350098F042 /* OreastrumUITests.xctest */;
			productType = "com.apple.product-type.bundle.ui-testing";
		};
/* End PBXNativeTarget section */

/* Begin PBXProject section */
		7328AFDA257516350098F042 /* Project object */ = {
			isa = PBXProject;
			attributes = {
				LastSwiftUpdateCheck = 1200;
				LastUpgradeCheck = 1200;
				TargetAttributes = {
					7328AFE1257516350098F042 = {
						CreatedOnToolsVersion = 12.0.1;
					};
					7328AFF2257516350098F042 = {
						CreatedOnToolsVersion = 12.0.1;
						TestTargetID = 7328AFE1257516350098F042;
					};
					7328AFFD257516350098F042 = {
						CreatedOnToolsVersion = 12.0.1;
						TestTargetID = 7328AFE1257516350098F042;
					};
				};
			};
			buildConfigurationList = 7328AFDD257516350098F042 /* Build configuration list for PBXProject "Oreastrum" */;
			compatibilityVersion = "Xcode 9.3";
			developmentRegion = en;
			hasScannedForEncodings = 0;
			knownRegions = (
				en,
				Base,
			);
			mainGroup = 7328AFD9257516350098F042;
			productRefGroup = 7328AFE3257516350098F042 /* Products */;
			projectDirPath = "";
			projectRoot = "";
			targets = (
				7328AFE1257516350098F042 /* Oreastrum */,
				7328AFF2257516350098F042 /* OreastrumTests */,
				7328AFFD257516350098F042 /* OreastrumUITests */,
			);
		};
/* End PBXProject section */

/* Begin PBXResourcesBuildPhase section */
		7328AFE0257516350098F042 /* Resources */ = {
			isa = PBXResourcesBuildPhase;
			buildActionMask = 2147483647;
			files = (
				7328AFED257516350098F042 /* Preview Assets.xcassets in Resources */,
				7328AFEA257516350098F042 /* Assets.xcassets in Resources */,
			);
			runOnlyForDeploymentPostprocessing = 0;
		};
		7328AFF1257516350098F042 /* Resources */ = {
			isa = PBXResourcesBuildPhase;
			buildActionMask = 2147483647;
			files = (
			);
			runOnlyForDeploymentPostprocessing = 0;
		};
		7328AFFC257516350098F042 /* Resources */ = {
			isa = PBXResourcesBuildPhase;
			buildActionMask = 2147483647;
			files = (
			);
			runOnlyForDeploymentPostprocessing = 0;
		};
/* End PBXResourcesBuildPhase section */

/* Begin PBXSourcesBuildPhase section */
		7328AFDE257516350098F042 /* Sources */ = {
			isa = PBXSourcesBuildPhase;
			buildActionMask = 2147483647;
			files = (
				7328AFE8257516350098F042 /* ContentView.swift in Sources */,
				7328AFE6257516350098F042 /* OreastrumApp.swift in Sources */,
			);
			runOnlyForDeploymentPostprocessing = 0;
		};
		7328AFEF257516350098F042 /* Sources */ = {
			isa = PBXSourcesBuildPhase;
			buildActionMask = 2147483647;
			files = (
				7328AFF8257516350098F042 /* OreastrumTests.swift in Sources */,
			);
			runOnlyForDeploymentPostprocessing = 0;
		};
		7328AFFA257516350098F042 /* Sources */ = {
			isa = PBXSourcesBuildPhase;
			buildActionMask = 2147483647;
			files = (
				7328B003257516350098F042 /* OreastrumUITests.swift in Sources */,
			);
			runOnlyForDeploymentPostprocessing = 0;
		};
/* End PBXSourcesBuildPhase section */

/* Begin PBXTargetDependency section */
		7328AFF5257516350098F042 /* PBXTargetDependency */ = {
			isa = PBXTargetDependency;
			target = 7328AFE1257516350098F042 /* Oreastrum */;
			targetProxy = 7328AFF4257516350098F042 /* PBXContainerItemProxy */;
		};
		7328B000257516350098F042 /* PBXTargetDependency */ = {
			isa = PBXTargetDependency;
			target = 7328AFE1257516350098F042 /* Oreastrum */;
			targetProxy = 7328AFFF257516350098F042 /* PBXContainerItemProxy */;
		};
/* End PBXTargetDependency section */

/* Begin XCBuildConfiguration section */
		7328B005257516350098F042 /* Debug */ = {
			isa = XCBuildConfiguration;
			buildSettings = {
				ALWAYS_SEARCH_USER_PATHS = NO;
				CLANG_ANALYZER_NONNULL = YES;
				CLANG_ANALYZER_NUMBER_OBJECT_CONVERSION = YES_AGGRESSIVE;
				CLANG_CXX_LANGUAGE_STANDARD = "gnu++14";
				CLANG_CXX_LIBRARY = "libc++";
				CLANG_ENABLE_MODULES = YES;
				CLANG_ENABLE_OBJC_ARC = YES;
				CLANG_ENABLE_OBJC_WEAK = YES;
				CLANG_WARN_BLOCK_CAPTURE_AUTORELEASING = YES;
				CLANG_WARN_BOOL_CONVERSION = YES;
				CLANG_WARN_COMMA = YES;
				CLANG_WARN_CONSTANT_CONVERSION = YES;
				CLANG_WARN_DEPRECATED_OBJC_IMPLEMENTATIONS = YES;
				CLANG_WARN_DIRECT_OBJC_ISA_USAGE = YES_ERROR;
				CLANG_WARN_DOCUMENTATION_COMMENTS = YES;
				CLANG_WARN_EMPTY_BODY = YES;
				CLANG_WARN_ENUM_CONVERSION = YES;
				CLANG_WARN_INFINITE_RECURSION = YES;
				CLANG_WARN_INT_CONVERSION = YES;
				CLANG_WARN_NON_LITERAL_NULL_CONVERSION = YES;
				CLANG_WARN_OBJC_IMPLICIT_RETAIN_SELF = YES;
				CLANG_WARN_OBJC_LITERAL_CONVERSION = YES;
				CLANG_WARN_OBJC_ROOT_CLASS = YES_ERROR;
				CLANG_WARN_QUOTED_INCLUDE_IN_FRAMEWORK_HEADER = YES;
				CLANG_WARN_RANGE_LOOP_ANALYSIS = YES;
				CLANG_WARN_STRICT_PROTOTYPES = YES;
				CLANG_WARN_SUSPICIOUS_MOVE = YES;
				CLANG_WARN_UNGUARDED_AVAILABILITY = YES_AGGRESSIVE;
				CLANG_WARN_UNREACHABLE_CODE = YES;
				CLANG_WARN__DUPLICATE_METHOD_MATCH = YES;
				COPY_PHASE_STRIP = NO;
				DEBUG_INFORMATION_FORMAT = dwarf;
				ENABLE_STRICT_OBJC_MSGSEND = YES;
				ENABLE_TESTABILITY = YES;
				GCC_C_LANGUAGE_STANDARD = gnu11;
				GCC_DYNAMIC_NO_PIC = NO;
				GCC_NO_COMMON_BLOCKS = YES;
				GCC_OPTIMIZATION_LEVEL = 0;
				GCC_PREPROCESSOR_DEFINITIONS = (
					"DEBUG=1",
					"$(inherited)",
				);
				GCC_WARN_64_TO_32_BIT_CONVERSION = YES;
				GCC_WARN_ABOUT_RETURN_TYPE = YES_ERROR;
				GCC_WARN_UNDECLARED_SELECTOR = YES;
				GCC_WARN_UNINITIALIZED_AUTOS = YES_AGGRESSIVE;
				GCC_WARN_UNUSED_FUNCTION = YES;
				GCC_WARN_UNUSED_VARIABLE = YES;
				IPHONEOS_DEPLOYMENT_TARGET = 14.0;
				MTL_ENABLE_DEBUG_INFO = INCLUDE_SOURCE;
				MTL_FAST_MATH = YES;
				ONLY_ACTIVE_ARCH = YES;
				SDKROOT = iphoneos;
				SWIFT_ACTIVE_COMPILATION_CONDITIONS = DEBUG;
				SWIFT_OPTIMIZATION_LEVEL = "-Onone";
			};
			name = Debug;
		};
		7328B006257516350098F042 /* Release */ = {
			isa = XCBuildConfiguration;
			buildSettings = {
				ALWAYS_SEARCH_USER_PATHS = NO;
				CLANG_ANALYZER_NONNULL = YES;
				CLANG_ANALYZER_NUMBER_OBJECT_CONVERSION = YES_AGGRESSIVE;
				CLANG_CXX_LANGUAGE_STANDARD = "gnu++14";
				CLANG_CXX_LIBRARY = "libc++";
				CLANG_ENABLE_MODULES = YES;
				CLANG_ENABLE_OBJC_ARC = YES;
				CLANG_ENABLE_OBJC_WEAK = YES;
				CLANG_WARN_BLOCK_CAPTURE_AUTORELEASING = YES;
				CLANG_WARN_BOOL_CONVERSION = YES;
				CLANG_WARN_COMMA = YES;
				CLANG_WARN_CONSTANT_CONVERSION = YES;
				CLANG_WARN_DEPRECATED_OBJC_IMPLEMENTATIONS = YES;
				CLANG_WARN_DIRECT_OBJC_ISA_USAGE = YES_ERROR;
				CLANG_WARN_DOCUMENTATION_COMMENTS = YES;
				CLANG_WARN_EMPTY_BODY = YES;
				CLANG_WARN_ENUM_CONVERSION = YES;
				CLANG_WARN_INFINITE_RECURSION = YES;
				CLANG_WARN_INT_CONVERSION = YES;
				CLANG_WARN_NON_LITERAL_NULL_CONVERSION = YES;
				CLANG_WARN_OBJC_IMPLICIT_RETAIN_SELF = YES;
				CLANG_WARN_OBJC_LITERAL_CONVERSION = YES;
				CLANG_WARN_OBJC_ROOT_CLASS = YES_ERROR;
				CLANG_WARN_QUOTED_INCLUDE_IN_FRAMEWORK_HEADER = YES;
				CLANG_WARN_RANGE_LOOP_ANALYSIS = YES;
				CLANG_WARN_STRICT_PROTOTYPES = YES;
				CLANG_WARN_SUSPICIOUS_MOVE = YES;
				CLANG_WARN_UNGUARDED_AVAILABILITY = YES_AGGRESSIVE;
				CLANG_WARN_UNREACHABLE_CODE = YES;
				CLANG_WARN__DUPLICATE_METHOD_MATCH = YES;
				COPY_PHASE_STRIP = NO;
				DEBUG_INFORMATION_FORMAT = "dwarf-with-dsym";
				ENABLE_NS_ASSERTIONS = NO;
				ENABLE_STRICT_OBJC_MSGSEND = YES;
				GCC_C_LANGUAGE_STANDARD = gnu11;
				GCC_NO_COMMON_BLOCKS = YES;
				GCC_WARN_64_TO_32_BIT_CONVERSION = YES;
				GCC_WARN_ABOUT_RETURN_TYPE = YES_ERROR;
				GCC_WARN_UNDECLARED_SELECTOR = YES;
				GCC_WARN_UNINITIALIZED_AUTOS = YES_AGGRESSIVE;
				GCC_WARN_UNUSED_FUNCTION = YES;
				GCC_WARN_UNUSED_VARIABLE = YES;
				IPHONEOS_DEPLOYMENT_TARGET = 14.0;
				MTL_ENABLE_DEBUG_INFO = NO;
				MTL_FAST_MATH = YES;
				SDKROOT = iphoneos;
				SWIFT_COMPILATION_MODE = wholemodule;
				SWIFT_OPTIMIZATION_LEVEL = "-O";
				VALIDATE_PRODUCT = YES;
			};
			name = Release;
		};
		7328B008257516350098F042 /* Debug */ = {
			isa = XCBuildConfiguration;
			buildSettings = {
				ASSETCATALOG_COMPILER_APPICON_NAME = AppIcon;
				ASSETCATALOG_COMPILER_GLOBAL_ACCENT_COLOR_NAME = AccentColor;
				CODE_SIGN_STYLE = Automatic;
				DEVELOPMENT_ASSET_PATHS = "\"Oreastrum/Preview Content\"";
				DEVELOPMENT_TEAM = 2YRXH6ZZZY;
				ENABLE_PREVIEWS = YES;
				INFOPLIST_FILE = Oreastrum/Info.plist;
				IPHONEOS_DEPLOYMENT_TARGET = 14.0;
				LD_RUNPATH_SEARCH_PATHS = (
					"$(inherited)",
					"@executable_path/Frameworks",
				);
				PRODUCT_BUNDLE_IDENTIFIER = dev.tokizuoh.Oreastrum;
				PRODUCT_NAME = "$(TARGET_NAME)";
				SWIFT_VERSION = 5.0;
				TARGETED_DEVICE_FAMILY = "1,2";
			};
			name = Debug;
		};
		7328B009257516350098F042 /* Release */ = {
			isa = XCBuildConfiguration;
			buildSettings = {
				ASSETCATALOG_COMPILER_APPICON_NAME = AppIcon;
				ASSETCATALOG_COMPILER_GLOBAL_ACCENT_COLOR_NAME = AccentColor;
				CODE_SIGN_STYLE = Automatic;
				DEVELOPMENT_ASSET_PATHS = "\"Oreastrum/Preview Content\"";
				DEVELOPMENT_TEAM = 2YRXH6ZZZY;
				ENABLE_PREVIEWS = YES;
				INFOPLIST_FILE = Oreastrum/Info.plist;
				IPHONEOS_DEPLOYMENT_TARGET = 14.0;
				LD_RUNPATH_SEARCH_PATHS = (
					"$(inherited)",
					"@executable_path/Frameworks",
				);
				PRODUCT_BUNDLE_IDENTIFIER = dev.tokizuoh.Oreastrum;
				PRODUCT_NAME = "$(TARGET_NAME)";
				SWIFT_VERSION = 5.0;
				TARGETED_DEVICE_FAMILY = "1,2";
			};
			name = Release;
		};
		7328B00B257516350098F042 /* Debug */ = {
			isa = XCBuildConfiguration;
			buildSettings = {
				ALWAYS_EMBED_SWIFT_STANDARD_LIBRARIES = YES;
				BUNDLE_LOADER = "$(TEST_HOST)";
				CODE_SIGN_STYLE = Automatic;
				DEVELOPMENT_TEAM = 2YRXH6ZZZY;
				INFOPLIST_FILE = OreastrumTests/Info.plist;
				IPHONEOS_DEPLOYMENT_TARGET = 14.0;
				LD_RUNPATH_SEARCH_PATHS = (
					"$(inherited)",
					"@executable_path/Frameworks",
					"@loader_path/Frameworks",
				);
				PRODUCT_BUNDLE_IDENTIFIER = dev.tokizuoh.OreastrumTests;
				PRODUCT_NAME = "$(TARGET_NAME)";
				SWIFT_VERSION = 5.0;
				TARGETED_DEVICE_FAMILY = "1,2";
				TEST_HOST = "$(BUILT_PRODUCTS_DIR)/Oreastrum.app/Oreastrum";
			};
			name = Debug;
		};
		7328B00C257516350098F042 /* Release */ = {
			isa = XCBuildConfiguration;
			buildSettings = {
				ALWAYS_EMBED_SWIFT_STANDARD_LIBRARIES = YES;
				BUNDLE_LOADER = "$(TEST_HOST)";
				CODE_SIGN_STYLE = Automatic;
				DEVELOPMENT_TEAM = 2YRXH6ZZZY;
				INFOPLIST_FILE = OreastrumTests/Info.plist;
				IPHONEOS_DEPLOYMENT_TARGET = 14.0;
				LD_RUNPATH_SEARCH_PATHS = (
					"$(inherited)",
					"@executable_path/Frameworks",
					"@loader_path/Frameworks",
				);
				PRODUCT_BUNDLE_IDENTIFIER = dev.tokizuoh.OreastrumTests;
				PRODUCT_NAME = "$(TARGET_NAME)";
				SWIFT_VERSION = 5.0;
				TARGETED_DEVICE_FAMILY = "1,2";
				TEST_HOST = "$(BUILT_PRODUCTS_DIR)/Oreastrum.app/Oreastrum";
			};
			name = Release;
		};
		7328B00E257516350098F042 /* Debug */ = {
			isa = XCBuildConfiguration;
			buildSettings = {
				ALWAYS_EMBED_SWIFT_STANDARD_LIBRARIES = YES;
				CODE_SIGN_STYLE = Automatic;
				DEVELOPMENT_TEAM = 2YRXH6ZZZY;
				INFOPLIST_FILE = OreastrumUITests/Info.plist;
				LD_RUNPATH_SEARCH_PATHS = (
					"$(inherited)",
					"@executable_path/Frameworks",
					"@loader_path/Frameworks",
				);
				PRODUCT_BUNDLE_IDENTIFIER = dev.tokizuoh.OreastrumUITests;
				PRODUCT_NAME = "$(TARGET_NAME)";
				SWIFT_VERSION = 5.0;
				TARGETED_DEVICE_FAMILY = "1,2";
				TEST_TARGET_NAME = Oreastrum;
			};
			name = Debug;
		};
		7328B00F257516350098F042 /* Release */ = {
			isa = XCBuildConfiguration;
			buildSettings = {
				ALWAYS_EMBED_SWIFT_STANDARD_LIBRARIES = YES;
				CODE_SIGN_STYLE = Automatic;
				DEVELOPMENT_TEAM = 2YRXH6ZZZY;
				INFOPLIST_FILE = OreastrumUITests/Info.plist;
				LD_RUNPATH_SEARCH_PATHS = (
					"$(inherited)",
					"@executable_path/Frameworks",
					"@loader_path/Frameworks",
				);
				PRODUCT_BUNDLE_IDENTIFIER = dev.tokizuoh.OreastrumUITests;
				PRODUCT_NAME = "$(TARGET_NAME)";
				SWIFT_VERSION = 5.0;
				TARGETED_DEVICE_FAMILY = "1,2";
				TEST_TARGET_NAME = Oreastrum;
			};
			name = Release;
		};
/* End XCBuildConfiguration section */

/* Begin XCConfigurationList section */
		7328AFDD257516350098F042 /* Build configuration list for PBXProject "Oreastrum" */ = {
			isa = XCConfigurationList;
			buildConfigurations = (
				7328B005257516350098F042 /* Debug */,
				7328B006257516350098F042 /* Release */,
			);
			defaultConfigurationIsVisible = 0;
			defaultConfigurationName = Release;
		};
		7328B007257516350098F042 /* Build configuration list for PBXNativeTarget "Oreastrum" */ = {
			isa = XCConfigurationList;
			buildConfigurations = (
				7328B008257516350098F042 /* Debug */,
				7328B009257516350098F042 /* Release */,
			);
			defaultConfigurationIsVisible = 0;
			defaultConfigurationName = Release;
		};
		7328B00A257516350098F042 /* Build configuration list for PBXNativeTarget "OreastrumTests" */ = {
			isa = XCConfigurationList;
			buildConfigurations = (
				7328B00B257516350098F042 /* Debug */,
				7328B00C257516350098F042 /* Release */,
			);
			defaultConfigurationIsVisible = 0;
			defaultConfigurationName = Release;
		};
		7328B00D257516350098F042 /* Build configuration list for PBXNativeTarget "OreastrumUITests" */ = {
			isa = XCConfigurationList;
			buildConfigurations = (
				7328B00E257516350098F042 /* Debug */,
				7328B00F257516350098F042 /* Release */,
			);
			defaultConfigurationIsVisible = 0;
			defaultConfigurationName = Release;
		};
/* End XCConfigurationList section */
	};
	rootObject = 7328AFDA257516350098F042 /* Project object */;
}
